// !$*UTF8*$!
{
	archiveVersion = 1;
	classes = {
	};
	objectVersion = 50;
	objects = {

/* Begin PBXBuildFile section */
		B918FC702703782100BD7ECF /* mymusicApp.swift in Sources */ = {isa = PBXBuildFile; fileRef = B918FC5D2703781F00BD7ECF /* mymusicApp.swift */; };
		B918FC712703782100BD7ECF /* mymusicApp.swift in Sources */ = {isa = PBXBuildFile; fileRef = B918FC5D2703781F00BD7ECF /* mymusicApp.swift */; };
		B918FC722703782100BD7ECF /* ContentView.swift in Sources */ = {isa = PBXBuildFile; fileRef = B918FC5E2703781F00BD7ECF /* ContentView.swift */; };
		B918FC732703782100BD7ECF /* ContentView.swift in Sources */ = {isa = PBXBuildFile; fileRef = B918FC5E2703781F00BD7ECF /* ContentView.swift */; };
		B918FC742703782100BD7ECF /* Assets.xcassets in Resources */ = {isa = PBXBuildFile; fileRef = B918FC5F2703782100BD7ECF /* Assets.xcassets */; };
		B918FC752703782100BD7ECF /* Assets.xcassets in Resources */ = {isa = PBXBuildFile; fileRef = B918FC5F2703782100BD7ECF /* Assets.xcassets */; };
/* End PBXBuildFile section */

/* Begin PBXFileReference section */
		B918FC5D2703781F00BD7ECF /* mymusicApp.swift */ = {isa = PBXFileReference; lastKnownFileType = sourcecode.swift; path = mymusicApp.swift; sourceTree = "<group>"; };
		B918FC5E2703781F00BD7ECF /* ContentView.swift */ = {isa = PBXFileReference; lastKnownFileType = sourcecode.swift; path = ContentView.swift; sourceTree = "<group>"; };
		B918FC5F2703782100BD7ECF /* Assets.xcassets */ = {isa = PBXFileReference; lastKnownFileType = folder.assetcatalog; path = Assets.xcassets; sourceTree = "<group>"; };
		B918FC642703782100BD7ECF /* mymusic.app */ = {isa = PBXFileReference; explicitFileType = wrapper.application; includeInIndex = 0; path = mymusic.app; sourceTree = BUILT_PRODUCTS_DIR; };
		B918FC672703782100BD7ECF /* Info.plist */ = {isa = PBXFileReference; lastKnownFileType = text.plist.xml; path = Info.plist; sourceTree = "<group>"; };
		B918FC6C2703782100BD7ECF /* mymusic.app */ = {isa = PBXFileReference; explicitFileType = wrapper.application; includeInIndex = 0; path = mymusic.app; sourceTree = BUILT_PRODUCTS_DIR; };
		B918FC6E2703782100BD7ECF /* Info.plist */ = {isa = PBXFileReference; lastKnownFileType = text.plist.xml; path = Info.plist; sourceTree = "<group>"; };
		B918FC6F2703782100BD7ECF /* macOS.entitlements */ = {isa = PBXFileReference; lastKnownFileType = text.plist.entitlements; path = macOS.entitlements; sourceTree = "<group>"; };
/* End PBXFileReference section */

/* Begin PBXFrameworksBuildPhase section */
		B918FC612703782100BD7ECF /* Frameworks */ = {
			isa = PBXFrameworksBuildPhase;
			buildActionMask = 2147483647;
			files = (
			);
			runOnlyForDeploymentPostprocessing = 0;
		};
		B918FC692703782100BD7ECF /* Frameworks */ = {
			isa = PBXFrameworksBuildPhase;
			buildActionMask = 2147483647;
			files = (
			);
			runOnlyForDeploymentPostprocessing = 0;
		};
/* End PBXFrameworksBuildPhase section */

/* Begin PBXGroup section */
		B918FC572703781F00BD7ECF = {
			isa = PBXGroup;
			children = (
				B918FC5C2703781F00BD7ECF /* Shared */,
				B918FC662703782100BD7ECF /* iOS */,
				B918FC6D2703782100BD7ECF /* macOS */,
				B918FC652703782100BD7ECF /* Products */,
			);
			sourceTree = "<group>";
		};
		B918FC5C2703781F00BD7ECF /* Shared */ = {
			isa = PBXGroup;
			children = (
				B918FC5D2703781F00BD7ECF /* mymusicApp.swift */,
				B918FC5E2703781F00BD7ECF /* ContentView.swift */,
				B918FC5F2703782100BD7ECF /* Assets.xcassets */,
			);
			path = Shared;
			sourceTree = "<group>";
		};
		B918FC652703782100BD7ECF /* Products */ = {
			isa = PBXGroup;
			children = (
				B918FC642703782100BD7ECF /* mymusic.app */,
				B918FC6C2703782100BD7ECF /* mymusic.app */,
			);
			name = Products;
			sourceTree = "<group>";
		};
		B918FC662703782100BD7ECF /* iOS */ = {
			isa = PBXGroup;
			children = (
				B918FC672703782100BD7ECF /* Info.plist */,
			);
			path = iOS;
			sourceTree = "<group>";
		};
		B918FC6D2703782100BD7ECF /* macOS */ = {
			isa = PBXGroup;
			children = (
				B918FC6E2703782100BD7ECF /* Info.plist */,
				B918FC6F2703782100BD7ECF /* macOS.entitlements */,
			);
			path = macOS;
			sourceTree = "<group>";
		};
/* End PBXGroup section */

/* Begin PBXNativeTarget section */
		B918FC632703782100BD7ECF /* mymusic (iOS) */ = {
			isa = PBXNativeTarget;
			buildConfigurationList = B918FC782703782100BD7ECF /* Build configuration list for PBXNativeTarget "mymusic (iOS)" */;
			buildPhases = (
				B918FC602703782100BD7ECF /* Sources */,
				B918FC612703782100BD7ECF /* Frameworks */,
				B918FC622703782100BD7ECF /* Resources */,
			);
			buildRules = (
			);
			dependencies = (
			);
			name = "mymusic (iOS)";
			productName = "mymusic (iOS)";
			productReference = B918FC642703782100BD7ECF /* mymusic.app */;
			productType = "com.apple.product-type.application";
		};
		B918FC6B2703782100BD7ECF /* mymusic (macOS) */ = {
			isa = PBXNativeTarget;
			buildConfigurationList = B918FC7B2703782100BD7ECF /* Build configuration list for PBXNativeTarget "mymusic (macOS)" */;
			buildPhases = (
				B918FC682703782100BD7ECF /* Sources */,
				B918FC692703782100BD7ECF /* Frameworks */,
				B918FC6A2703782100BD7ECF /* Resources */,
			);
			buildRules = (
			);
			dependencies = (
			);
			name = "mymusic (macOS)";
			productName = "mymusic (macOS)";
			productReference = B918FC6C2703782100BD7ECF /* mymusic.app */;
			productType = "com.apple.product-type.application";
		};
/* End PBXNativeTarget section */

/* Begin PBXProject section */
		B918FC582703781F00BD7ECF /* Project object */ = {
			isa = PBXProject;
			attributes = {
				LastSwiftUpdateCheck = 1250;
				LastUpgradeCheck = 1250;
				TargetAttributes = {
					B918FC632703782100BD7ECF = {
						CreatedOnToolsVersion = 12.5.1;
					};
					B918FC6B2703782100BD7ECF = {
						CreatedOnToolsVersion = 12.5.1;
					};
				};
			};
			buildConfigurationList = B918FC5B2703781F00BD7ECF /* Build configuration list for PBXProject "mymusic" */;
			compatibilityVersion = "Xcode 9.3";
			developmentRegion = en;
			hasScannedForEncodings = 0;
			knownRegions = (
				en,
				Base,
			);
			mainGroup = B918FC572703781F00BD7ECF;
			productRefGroup = B918FC652703782100BD7ECF /* Products */;
			projectDirPath = "";
			projectRoot = "";
			targets = (
				B918FC632703782100BD7ECF /* mymusic (iOS) */,
				B918FC6B2703782100BD7ECF /* mymusic (macOS) */,
			);
		};
/* End PBXProject section */

/* Begin PBXResourcesBuildPhase section */
		B918FC622703782100BD7ECF /* Resources */ = {
			isa = PBXResourcesBuildPhase;
			buildActionMask = 2147483647;
			files = (
				B918FC742703782100BD7ECF /* Assets.xcassets in Resources */,
			);
			runOnlyForDeploymentPostprocessing = 0;
		};
		B918FC6A2703782100BD7ECF /* Resources */ = {
			isa = PBXResourcesBuildPhase;
			buildActionMask = 2147483647;
			files = (
				B918FC752703782100BD7ECF /* Assets.xcassets in Resources */,
			);
			runOnlyForDeploymentPostprocessing = 0;
		};
/* End PBXResourcesBuildPhase section */

/* Begin PBXSourcesBuildPhase section */
		B918FC602703782100BD7ECF /* Sources */ = {
			isa = PBXSourcesBuildPhase;
			buildActionMask = 2147483647;
			files = (
				B918FC722703782100BD7ECF /* ContentView.swift in Sources */,
				B918FC702703782100BD7ECF /* mymusicApp.swift in Sources */,
			);
			runOnlyForDeploymentPostprocessing = 0;
		};
		B918FC682703782100BD7ECF /* Sources */ = {
			isa = PBXSourcesBuildPhase;
			buildActionMask = 2147483647;
			files = (
				B918FC732703782100BD7ECF /* ContentView.swift in Sources */,
				B918FC712703782100BD7ECF /* mymusicApp.swift in Sources */,
			);
			runOnlyForDeploymentPostprocessing = 0;
		};
/* End PBXSourcesBuildPhase section */

/* Begin XCBuildConfiguration section */
		B918FC762703782100BD7ECF /* Debug */ = {
			isa = XCBuildConfiguration;
			buildSettings = {
				ALWAYS_SEARCH_USER_PATHS = NO;
				CLANG_ANALYZER_NONNULL = YES;
				CLANG_ANALYZER_NUMBER_OBJECT_CONVERSION = YES_AGGRESSIVE;
				CLANG_CXX_LANGUAGE_STANDARD = "gnu++14";
				CLANG_CXX_LIBRARY = "libc++";
				CLANG_ENABLE_MODULES = YES;
				CLANG_ENABLE_OBJC_ARC = YES;
				CLANG_ENABLE_OBJC_WEAK = YES;
				CLANG_WARN_BLOCK_CAPTURE_AUTORELEASING = YES;
				CLANG_WARN_BOOL_CONVERSION = YES;
				CLANG_WARN_COMMA = YES;
				CLANG_WARN_CONSTANT_CONVERSION = YES;
				CLANG_WARN_DEPRECATED_OBJC_IMPLEMENTATIONS = YES;
				CLANG_WARN_DIRECT_OBJC_ISA_USAGE = YES_ERROR;
				CLANG_WARN_DOCUMENTATION_COMMENTS = YES;
				CLANG_WARN_EMPTY_BODY = YES;
				CLANG_WARN_ENUM_CONVERSION = YES;
				CLANG_WARN_INFINITE_RECURSION = YES;
				CLANG_WARN_INT_CONVERSION = YES;
				CLANG_WARN_NON_LITERAL_NULL_CONVERSION = YES;
				CLANG_WARN_OBJC_IMPLICIT_RETAIN_SELF = YES;
				CLANG_WARN_OBJC_LITERAL_CONVERSION = YES;
				CLANG_WARN_OBJC_ROOT_CLASS = YES_ERROR;
				CLANG_WARN_QUOTED_INCLUDE_IN_FRAMEWORK_HEADER = YES;
				CLANG_WARN_RANGE_LOOP_ANALYSIS = YES;
				CLANG_WARN_STRICT_PROTOTYPES = YES;
				CLANG_WARN_SUSPICIOUS_MOVE = YES;
				CLANG_WARN_UNGUARDED_AVAILABILITY = YES_AGGRESSIVE;
				CLANG_WARN_UNREACHABLE_CODE = YES;
				CLANG_WARN__DUPLICATE_METHOD_MATCH = YES;
				COPY_PHASE_STRIP = NO;
				DEBUG_INFORMATION_FORMAT = dwarf;
				ENABLE_STRICT_OBJC_MSGSEND = YES;
				ENABLE_TESTABILITY = YES;
				GCC_C_LANGUAGE_STANDARD = gnu11;
				GCC_DYNAMIC_NO_PIC = NO;
				GCC_NO_COMMON_BLOCKS = YES;
				GCC_OPTIMIZATION_LEVEL = 0;
				GCC_PREPROCESSOR_DEFINITIONS = (
					"DEBUG=1",
					"$(inherited)",
				);
				GCC_WARN_64_TO_32_BIT_CONVERSION = YES;
				GCC_WARN_ABOUT_RETURN_TYPE = YES_ERROR;
				GCC_WARN_UNDECLARED_SELECTOR = YES;
				GCC_WARN_UNINITIALIZED_AUTOS = YES_AGGRESSIVE;
				GCC_WARN_UNUSED_FUNCTION = YES;
				GCC_WARN_UNUSED_VARIABLE = YES;
				MTL_ENABLE_DEBUG_INFO = INCLUDE_SOURCE;
				MTL_FAST_MATH = YES;
				ONLY_ACTIVE_ARCH = YES;
				SWIFT_ACTIVE_COMPILATION_CONDITIONS = DEBUG;
				SWIFT_OPTIMIZATION_LEVEL = "-Onone";
			};
			name = Debug;
		};
		B918FC772703782100BD7ECF /* Release */ = {
			isa = XCBuildConfiguration;
			buildSettings = {
				ALWAYS_SEARCH_USER_PATHS = NO;
				CLANG_ANALYZER_NONNULL = YES;
				CLANG_ANALYZER_NUMBER_OBJECT_CONVERSION = YES_AGGRESSIVE;
				CLANG_CXX_LANGUAGE_STANDARD = "gnu++14";
				CLANG_CXX_LIBRARY = "libc++";
				CLANG_ENABLE_MODULES = YES;
				CLANG_ENABLE_OBJC_ARC = YES;
				CLANG_ENABLE_OBJC_WEAK = YES;
				CLANG_WARN_BLOCK_CAPTURE_AUTORELEASING = YES;
				CLANG_WARN_BOOL_CONVERSION = YES;
				CLANG_WARN_COMMA = YES;
				CLANG_WARN_CONSTANT_CONVERSION = YES;
				CLANG_WARN_DEPRECATED_OBJC_IMPLEMENTATIONS = YES;
				CLANG_WARN_DIRECT_OBJC_ISA_USAGE = YES_ERROR;
				CLANG_WARN_DOCUMENTATION_COMMENTS = YES;
				CLANG_WARN_EMPTY_BODY = YES;
				CLANG_WARN_ENUM_CONVERSION = YES;
				CLANG_WARN_INFINITE_RECURSION = YES;
				CLANG_WARN_INT_CONVERSION = YES;
				CLANG_WARN_NON_LITERAL_NULL_CONVERSION = YES;
				CLANG_WARN_OBJC_IMPLICIT_RETAIN_SELF = YES;
				CLANG_WARN_OBJC_LITERAL_CONVERSION = YES;
				CLANG_WARN_OBJC_ROOT_CLASS = YES_ERROR;
				CLANG_WARN_QUOTED_INCLUDE_IN_FRAMEWORK_HEADER = YES;
				CLANG_WARN_RANGE_LOOP_ANALYSIS = YES;
				CLANG_WARN_STRICT_PROTOTYPES = YES;
				CLANG_WARN_SUSPICIOUS_MOVE = YES;
				CLANG_WARN_UNGUARDED_AVAILABILITY = YES_AGGRESSIVE;
				CLANG_WARN_UNREACHABLE_CODE = YES;
				CLANG_WARN__DUPLICATE_METHOD_MATCH = YES;
				COPY_PHASE_STRIP = NO;
				DEBUG_INFORMATION_FORMAT = "dwarf-with-dsym";
				ENABLE_NS_ASSERTIONS = NO;
				ENABLE_STRICT_OBJC_MSGSEND = YES;
				GCC_C_LANGUAGE_STANDARD = gnu11;
				GCC_NO_COMMON_BLOCKS = YES;
				GCC_WARN_64_TO_32_BIT_CONVERSION = YES;
				GCC_WARN_ABOUT_RETURN_TYPE = YES_ERROR;
				GCC_WARN_UNDECLARED_SELECTOR = YES;
				GCC_WARN_UNINITIALIZED_AUTOS = YES_AGGRESSIVE;
				GCC_WARN_UNUSED_FUNCTION = YES;
				GCC_WARN_UNUSED_VARIABLE = YES;
				MTL_ENABLE_DEBUG_INFO = NO;
				MTL_FAST_MATH = YES;
				SWIFT_COMPILATION_MODE = wholemodule;
				SWIFT_OPTIMIZATION_LEVEL = "-O";
			};
			name = Release;
		};
		B918FC792703782100BD7ECF /* Debug */ = {
			isa = XCBuildConfiguration;
			buildSettings = {
				ASSETCATALOG_COMPILER_APPICON_NAME = AppIcon;
				ASSETCATALOG_COMPILER_GLOBAL_ACCENT_COLOR_NAME = AccentColor;
				CODE_SIGN_STYLE = Automatic;
				ENABLE_PREVIEWS = YES;
				INFOPLIST_FILE = iOS/Info.plist;
				IPHONEOS_DEPLOYMENT_TARGET = 14.0;
				LD_RUNPATH_SEARCH_PATHS = (
					"$(inherited)",
					"@executable_path/Frameworks",
				);
				PRODUCT_BUNDLE_IDENTIFIER = nari.fumi.icloud.mymusic;
				PRODUCT_NAME = mymusic;
				SDKROOT = iphoneos;
				SWIFT_VERSION = 5.0;
				TARGETED_DEVICE_FAMILY = "1,2";
			};
			name = Debug;
		};
		B918FC7A2703782100BD7ECF /* Release */ = {
			isa = XCBuildConfiguration;
			buildSettings = {
				ASSETCATALOG_COMPILER_APPICON_NAME = AppIcon;
				ASSETCATALOG_COMPILER_GLOBAL_ACCENT_COLOR_NAME = AccentColor;
				CODE_SIGN_STYLE = Automatic;
				ENABLE_PREVIEWS = YES;
				INFOPLIST_FILE = iOS/Info.plist;
				IPHONEOS_DEPLOYMENT_TARGET = 14.0;
				LD_RUNPATH_SEARCH_PATHS = (
					"$(inherited)",
					"@executable_path/Frameworks",
				);
				PRODUCT_BUNDLE_IDENTIFIER = nari.fumi.icloud.mymusic;
				PRODUCT_NAME = mymusic;
				SDKROOT = iphoneos;
				SWIFT_VERSION = 5.0;
				TARGETED_DEVICE_FAMILY = "1,2";
				VALIDATE_PRODUCT = YES;
			};
			name = Release;
		};
		B918FC7C2703782100BD7ECF /* Debug */ = {
			isa = XCBuildConfiguration;
			buildSettings = {
				ASSETCATALOG_COMPILER_APPICON_NAME = AppIcon;
				ASSETCATALOG_COMPILER_GLOBAL_ACCENT_COLOR_NAME = AccentColor;
				CODE_SIGN_ENTITLEMENTS = macOS/macOS.entitlements;
				CODE_SIGN_STYLE = Automatic;
				COMBINE_HIDPI_IMAGES = YES;
				ENABLE_PREVIEWS = YES;
				INFOPLIST_FILE = macOS/Info.plist;
				LD_RUNPATH_SEARCH_PATHS = (
					"$(inherited)",
					"@executable_path/../Frameworks",
				);
				MACOSX_DEPLOYMENT_TARGET = 11.0;
				PRODUCT_BUNDLE_IDENTIFIER = nari.fumi.icloud.mymusic;
				PRODUCT_NAME = mymusic;
				SDKROOT = macosx;
				SWIFT_VERSION = 5.0;
			};
			name = Debug;
		};
		B918FC7D2703782100BD7ECF /* Release */ = {
			isa = XCBuildConfiguration;
			buildSettings = {
				ASSETCATALOG_COMPILER_APPICON_NAME = AppIcon;
				ASSETCATALOG_COMPILER_GLOBAL_ACCENT_COLOR_NAME = AccentColor;
				CODE_SIGN_ENTITLEMENTS = macOS/macOS.entitlements;
				CODE_SIGN_STYLE = Automatic;
				COMBINE_HIDPI_IMAGES = YES;
				ENABLE_PREVIEWS = YES;
				INFOPLIST_FILE = macOS/Info.plist;
				LD_RUNPATH_SEARCH_PATHS = (
					"$(inherited)",
					"@executable_path/../Frameworks",
				);
				MACOSX_DEPLOYMENT_TARGET = 11.0;
				PRODUCT_BUNDLE_IDENTIFIER = nari.fumi.icloud.mymusic;
				PRODUCT_NAME = mymusic;
				SDKROOT = macosx;
				SWIFT_VERSION = 5.0;
			};
			name = Release;
		};
/* End XCBuildConfiguration section */

/* Begin XCConfigurationList section */
		B918FC5B2703781F00BD7ECF /* Build configuration list for PBXProject "mymusic" */ = {
			isa = XCConfigurationList;
			buildConfigurations = (
				B918FC762703782100BD7ECF /* Debug */,
				B918FC772703782100BD7ECF /* Release */,
			);
			defaultConfigurationIsVisible = 0;
			defaultConfigurationName = Release;
		};
		B918FC782703782100BD7ECF /* Build configuration list for PBXNativeTarget "mymusic (iOS)" */ = {
			isa = XCConfigurationList;
			buildConfigurations = (
				B918FC792703782100BD7ECF /* Debug */,
				B918FC7A2703782100BD7ECF /* Release */,
			);
			defaultConfigurationIsVisible = 0;
			defaultConfigurationName = Release;
		};
		B918FC7B2703782100BD7ECF /* Build configuration list for PBXNativeTarget "mymusic (macOS)" */ = {
			isa = XCConfigurationList;
			buildConfigurations = (
				B918FC7C2703782100BD7ECF /* Debug */,
				B918FC7D2703782100BD7ECF /* Release */,
			);
			defaultConfigurationIsVisible = 0;
			defaultConfigurationName = Release;
		};
/* End XCConfigurationList section */
	};
	rootObject = B918FC582703781F00BD7ECF /* Project object */;
}
